// !$*UTF8*$!
{
	archiveVersion = 1;
	classes = {
	};
	objectVersion = 46;
	objects = {

/* Begin PBXBuildFile section */
		0A4F84701EA72E8F004AEFCA /* UIExtension.swift in Sources */ = {isa = PBXBuildFile; fileRef = 0A4F846F1EA72E8F004AEFCA /* UIExtension.swift */; };
		0A4F84741EA73C07004AEFCA /* NotificationExtension.swift in Sources */ = {isa = PBXBuildFile; fileRef = 0A4F84731EA73C07004AEFCA /* NotificationExtension.swift */; };
		0A4F84761EA73DF0004AEFCA /* SimpleTypeExtension.swift in Sources */ = {isa = PBXBuildFile; fileRef = 0A4F84751EA73DF0004AEFCA /* SimpleTypeExtension.swift */; };
		0A6B2AB91EA388FA00876B02 /* Table_TableViewCell.swift in Sources */ = {isa = PBXBuildFile; fileRef = 0A6B2AB81EA388FA00876B02 /* Table_TableViewCell.swift */; };
		0A6B2ABB1EA3890B00876B02 /* Tables_ViewController.swift in Sources */ = {isa = PBXBuildFile; fileRef = 0A6B2ABA1EA3890B00876B02 /* Tables_ViewController.swift */; };
		0A6B2ABD1EA3963600876B02 /* food_Detail_ViewController.swift in Sources */ = {isa = PBXBuildFile; fileRef = 0A6B2ABC1EA3963600876B02 /* food_Detail_ViewController.swift */; };
		0A7B08721EA11F7D002B068E /* AppDelegate.swift in Sources */ = {isa = PBXBuildFile; fileRef = 0A7B08711EA11F7D002B068E /* AppDelegate.swift */; };
		0A7B08791EA11F7D002B068E /* Assets.xcassets in Resources */ = {isa = PBXBuildFile; fileRef = 0A7B08781EA11F7D002B068E /* Assets.xcassets */; };
		0A7B087C1EA11F7D002B068E /* LaunchScreen.storyboard in Resources */ = {isa = PBXBuildFile; fileRef = 0A7B087A1EA11F7D002B068E /* LaunchScreen.storyboard */; };
		0A7B08841EA12CC9002B068E /* TableInfo_ViewController.swift in Sources */ = {isa = PBXBuildFile; fileRef = 0A7B08831EA12CC9002B068E /* TableInfo_ViewController.swift */; };
		0A7B08861EA13C5C002B068E /* food_TableViewCell.swift in Sources */ = {isa = PBXBuildFile; fileRef = 0A7B08851EA13C5C002B068E /* food_TableViewCell.swift */; };
		0AF261191EA49B3F00AF41BA /* SQLite.swift in Sources */ = {isa = PBXBuildFile; fileRef = 0AF261181EA49B3F00AF41BA /* SQLite.swift */; };
		0AF2611E1EA4A01B00AF41BA /* libsqlite3.tbd in Frameworks */ = {isa = PBXBuildFile; fileRef = 0AF2611D1EA4A01B00AF41BA /* libsqlite3.tbd */; };
		0AF261211EA4A64F00AF41BA /* QuanLyNhaHang.sqlite in Resources */ = {isa = PBXBuildFile; fileRef = 0AF261201EA4A64F00AF41BA /* QuanLyNhaHang.sqlite */; };
		0AF261281EA4B2BA00AF41BA /* Table.swift in Sources */ = {isa = PBXBuildFile; fileRef = 0AF261271EA4B2BA00AF41BA /* Table.swift */; };
		0AF2612A1EA4B38200AF41BA /* Area.swift in Sources */ = {isa = PBXBuildFile; fileRef = 0AF261291EA4B38200AF41BA /* Area.swift */; };
		0AF2612C1EA4B3D000AF41BA /* Food.swift in Sources */ = {isa = PBXBuildFile; fileRef = 0AF2612B1EA4B3D000AF41BA /* Food.swift */; };
		0AF2612E1EA4B45800AF41BA /* Bill.swift in Sources */ = {isa = PBXBuildFile; fileRef = 0AF2612D1EA4B45800AF41BA /* Bill.swift */; };
		23752F9B1EA63D28007AB0AD /* Manager_ViewController.swift in Sources */ = {isa = PBXBuildFile; fileRef = 23752F9A1EA63D28007AB0AD /* Manager_ViewController.swift */; };
		23A45F361EA872D5009CCD1A /* Main.storyboard in Resources */ = {isa = PBXBuildFile; fileRef = 23A45F351EA872D5009CCD1A /* Main.storyboard */; };
		23CC7AB61EA5FFAE0023A7F2 /* Area_Add_Edit_ViewController.swift in Sources */ = {isa = PBXBuildFile; fileRef = 23CC7AB51EA5FFAE0023A7F2 /* Area_Add_Edit_ViewController.swift */; };
		23EDCFFF1EA47F8F005D23F0 /* Area_TableViewCell.swift in Sources */ = {isa = PBXBuildFile; fileRef = 23EDCFFC1EA47F8F005D23F0 /* Area_TableViewCell.swift */; };
		23EDD0001EA47F8F005D23F0 /* Area_TableViewController.swift in Sources */ = {isa = PBXBuildFile; fileRef = 23EDCFFD1EA47F8F005D23F0 /* Area_TableViewController.swift */; };
		23EDD0011EA47F8F005D23F0 /* FoodsList_ViewController.swift in Sources */ = {isa = PBXBuildFile; fileRef = 23EDCFFE1EA47F8F005D23F0 /* FoodsList_ViewController.swift */; };
		23EDD0031EA48EA7005D23F0 /* FoodCell_TableViewCell.swift in Sources */ = {isa = PBXBuildFile; fileRef = 23EDD0021EA48EA7005D23F0 /* FoodCell_TableViewCell.swift */; };
		23EDD0051EA4942B005D23F0 /* FoodDetail_ViewController.swift in Sources */ = {isa = PBXBuildFile; fileRef = 23EDD0041EA4942B005D23F0 /* FoodDetail_ViewController.swift */; };
		23F0AF241EA4A19D006C64F6 /* AreaDetail_ViewController.swift in Sources */ = {isa = PBXBuildFile; fileRef = 23F0AF231EA4A19D006C64F6 /* AreaDetail_ViewController.swift */; };
/* End PBXBuildFile section */

/* Begin PBXFileReference section */
		0A4F846F1EA72E8F004AEFCA /* UIExtension.swift */ = {isa = PBXFileReference; fileEncoding = 4; lastKnownFileType = sourcecode.swift; path = UIExtension.swift; sourceTree = "<group>"; };
		0A4F84731EA73C07004AEFCA /* NotificationExtension.swift */ = {isa = PBXFileReference; fileEncoding = 4; lastKnownFileType = sourcecode.swift; path = NotificationExtension.swift; sourceTree = "<group>"; };
		0A4F84751EA73DF0004AEFCA /* SimpleTypeExtension.swift */ = {isa = PBXFileReference; fileEncoding = 4; lastKnownFileType = sourcecode.swift; path = SimpleTypeExtension.swift; sourceTree = "<group>"; };
		0A6B2AB81EA388FA00876B02 /* Table_TableViewCell.swift */ = {isa = PBXFileReference; fileEncoding = 4; lastKnownFileType = sourcecode.swift; path = Table_TableViewCell.swift; sourceTree = "<group>"; };
		0A6B2ABA1EA3890B00876B02 /* Tables_ViewController.swift */ = {isa = PBXFileReference; fileEncoding = 4; lastKnownFileType = sourcecode.swift; path = Tables_ViewController.swift; sourceTree = "<group>"; };
		0A6B2ABC1EA3963600876B02 /* food_Detail_ViewController.swift */ = {isa = PBXFileReference; fileEncoding = 4; lastKnownFileType = sourcecode.swift; path = food_Detail_ViewController.swift; sourceTree = "<group>"; };
		0A7B086E1EA11F7D002B068E /* Restaurant Management.app */ = {isa = PBXFileReference; explicitFileType = wrapper.application; includeInIndex = 0; path = "Restaurant Management.app"; sourceTree = BUILT_PRODUCTS_DIR; };
		0A7B08711EA11F7D002B068E /* AppDelegate.swift */ = {isa = PBXFileReference; lastKnownFileType = sourcecode.swift; name = AppDelegate.swift; path = "Restaurant Management/AppDelegate.swift"; sourceTree = "<group>"; };
		0A7B08781EA11F7D002B068E /* Assets.xcassets */ = {isa = PBXFileReference; lastKnownFileType = folder.assetcatalog; path = Assets.xcassets; sourceTree = "<group>"; };
		0A7B087B1EA11F7D002B068E /* Base */ = {isa = PBXFileReference; lastKnownFileType = file.storyboard; name = Base; path = Base.lproj/LaunchScreen.storyboard; sourceTree = "<group>"; };
		0A7B087D1EA11F7D002B068E /* Info.plist */ = {isa = PBXFileReference; lastKnownFileType = text.plist.xml; path = Info.plist; sourceTree = "<group>"; };
		0A7B08831EA12CC9002B068E /* TableInfo_ViewController.swift */ = {isa = PBXFileReference; fileEncoding = 4; lastKnownFileType = sourcecode.swift; path = TableInfo_ViewController.swift; sourceTree = "<group>"; };
		0A7B08851EA13C5C002B068E /* food_TableViewCell.swift */ = {isa = PBXFileReference; fileEncoding = 4; lastKnownFileType = sourcecode.swift; path = food_TableViewCell.swift; sourceTree = "<group>"; };
		0AF261181EA49B3F00AF41BA /* SQLite.swift */ = {isa = PBXFileReference; fileEncoding = 4; lastKnownFileType = sourcecode.swift; path = SQLite.swift; sourceTree = "<group>"; };
		0AF2611D1EA4A01B00AF41BA /* libsqlite3.tbd */ = {isa = PBXFileReference; lastKnownFileType = "sourcecode.text-based-dylib-definition"; name = libsqlite3.tbd; path = usr/lib/libsqlite3.tbd; sourceTree = SDKROOT; };
		0AF2611F1EA4A08100AF41BA /* SQLite_Briding_header.h */ = {isa = PBXFileReference; lastKnownFileType = sourcecode.c.h; path = SQLite_Briding_header.h; sourceTree = "<group>"; };
		0AF261201EA4A64F00AF41BA /* QuanLyNhaHang.sqlite */ = {isa = PBXFileReference; lastKnownFileType = file; path = QuanLyNhaHang.sqlite; sourceTree = "<group>"; };
		0AF261271EA4B2BA00AF41BA /* Table.swift */ = {isa = PBXFileReference; fileEncoding = 4; lastKnownFileType = sourcecode.swift; path = Table.swift; sourceTree = "<group>"; };
		0AF261291EA4B38200AF41BA /* Area.swift */ = {isa = PBXFileReference; fileEncoding = 4; lastKnownFileType = sourcecode.swift; path = Area.swift; sourceTree = "<group>"; };
		0AF2612B1EA4B3D000AF41BA /* Food.swift */ = {isa = PBXFileReference; fileEncoding = 4; lastKnownFileType = sourcecode.swift; path = Food.swift; sourceTree = "<group>"; };
		0AF2612D1EA4B45800AF41BA /* Bill.swift */ = {isa = PBXFileReference; fileEncoding = 4; lastKnownFileType = sourcecode.swift; path = Bill.swift; sourceTree = "<group>"; };
		23752F9A1EA63D28007AB0AD /* Manager_ViewController.swift */ = {isa = PBXFileReference; fileEncoding = 4; lastKnownFileType = sourcecode.swift; path = Manager_ViewController.swift; sourceTree = "<group>"; };
		23A45F351EA872D5009CCD1A /* Main.storyboard */ = {isa = PBXFileReference; fileEncoding = 4; lastKnownFileType = file.storyboard; path = Main.storyboard; sourceTree = "<group>"; };
		23CC7AB51EA5FFAE0023A7F2 /* Area_Add_Edit_ViewController.swift */ = {isa = PBXFileReference; fileEncoding = 4; lastKnownFileType = sourcecode.swift; path = Area_Add_Edit_ViewController.swift; sourceTree = "<group>"; };
		23EDCFFC1EA47F8F005D23F0 /* Area_TableViewCell.swift */ = {isa = PBXFileReference; fileEncoding = 4; lastKnownFileType = sourcecode.swift; path = Area_TableViewCell.swift; sourceTree = "<group>"; };
		23EDCFFD1EA47F8F005D23F0 /* Area_TableViewController.swift */ = {isa = PBXFileReference; fileEncoding = 4; lastKnownFileType = sourcecode.swift; path = Area_TableViewController.swift; sourceTree = "<group>"; };
		23EDCFFE1EA47F8F005D23F0 /* FoodsList_ViewController.swift */ = {isa = PBXFileReference; fileEncoding = 4; lastKnownFileType = sourcecode.swift; path = FoodsList_ViewController.swift; sourceTree = "<group>"; };
		23EDD0021EA48EA7005D23F0 /* FoodCell_TableViewCell.swift */ = {isa = PBXFileReference; fileEncoding = 4; lastKnownFileType = sourcecode.swift; path = FoodCell_TableViewCell.swift; sourceTree = "<group>"; };
		23EDD0041EA4942B005D23F0 /* FoodDetail_ViewController.swift */ = {isa = PBXFileReference; fileEncoding = 4; lastKnownFileType = sourcecode.swift; path = FoodDetail_ViewController.swift; sourceTree = "<group>"; };
		23F0AF231EA4A19D006C64F6 /* AreaDetail_ViewController.swift */ = {isa = PBXFileReference; fileEncoding = 4; lastKnownFileType = sourcecode.swift; path = AreaDetail_ViewController.swift; sourceTree = "<group>"; };
/* End PBXFileReference section */

/* Begin PBXFrameworksBuildPhase section */
		0A7B086B1EA11F7D002B068E /* Frameworks */ = {
			isa = PBXFrameworksBuildPhase;
			buildActionMask = 2147483647;
			files = (
				0AF2611E1EA4A01B00AF41BA /* libsqlite3.tbd in Frameworks */,
			);
			runOnlyForDeploymentPostprocessing = 0;
		};
/* End PBXFrameworksBuildPhase section */

/* Begin PBXGroup section */
		0A4F84711EA73218004AEFCA /* Helper */ = {
			isa = PBXGroup;
			children = (
				0A4F846F1EA72E8F004AEFCA /* UIExtension.swift */,
				0A4F84731EA73C07004AEFCA /* NotificationExtension.swift */,
				0A4F84751EA73DF0004AEFCA /* SimpleTypeExtension.swift */,
			);
			name = Helper;
			sourceTree = "<group>";
		};
		0A4F84721EA73255004AEFCA /* Model */ = {
			isa = PBXGroup;
			children = (
				0AF261181EA49B3F00AF41BA /* SQLite.swift */,
				0AF2611F1EA4A08100AF41BA /* SQLite_Briding_header.h */,
				0AF261201EA4A64F00AF41BA /* QuanLyNhaHang.sqlite */,
			);
			name = Model;
			sourceTree = "<group>";
		};
		0A4F84771EA73EAB004AEFCA /* Controller */ = {
			isa = PBXGroup;
			children = (
				0A6B2AB81EA388FA00876B02 /* Table_TableViewCell.swift */,
				0A6B2ABA1EA3890B00876B02 /* Tables_ViewController.swift */,
				0A7B08831EA12CC9002B068E /* TableInfo_ViewController.swift */,
				0A7B08851EA13C5C002B068E /* food_TableViewCell.swift */,
				0A6B2ABC1EA3963600876B02 /* food_Detail_ViewController.swift */,
			);
			name = Controller;
			sourceTree = "<group>";
		};
		0A4F84781EA73ED7004AEFCA /* View */ = {
			isa = PBXGroup;
			children = (
			);
			name = View;
			sourceTree = "<group>";
		};
		0A7B08651EA11F7D002B068E = {
			isa = PBXGroup;
			children = (
				0A7B08701EA11F7D002B068E /* Restaurant Management */,
				0A7B086F1EA11F7D002B068E /* Products */,
				0AF2611C1EA4A01B00AF41BA /* Frameworks */,
			);
			sourceTree = "<group>";
		};
		0A7B086F1EA11F7D002B068E /* Products */ = {
			isa = PBXGroup;
			children = (
				0A7B086E1EA11F7D002B068E /* Restaurant Management.app */,
			);
			name = Products;
			sourceTree = "<group>";
		};
		0A7B08701EA11F7D002B068E /* Restaurant Management */ = {
			isa = PBXGroup;
			children = (
				0A4F84781EA73ED7004AEFCA /* View */,
				0A4F84771EA73EAB004AEFCA /* Controller */,
				0A4F84721EA73255004AEFCA /* Model */,
				0A4F84711EA73218004AEFCA /* Helper */,
				0AF2612F1EA4B5B400AF41BA /* Class */,
				23EDCFFB1EA47F6A005D23F0 /* Nguyen Dinh Son */,
				0A7B08781EA11F7D002B068E /* Assets.xcassets */,
				23A45F351EA872D5009CCD1A /* Main.storyboard */,
				0A7B087A1EA11F7D002B068E /* LaunchScreen.storyboard */,
				0A7B087D1EA11F7D002B068E /* Info.plist */,
			);
			path = "Restaurant Management";
			sourceTree = "<group>";
		};
		0AF2611C1EA4A01B00AF41BA /* Frameworks */ = {
			isa = PBXGroup;
			children = (
				0A7B08711EA11F7D002B068E /* AppDelegate.swift */,
				0AF2611D1EA4A01B00AF41BA /* libsqlite3.tbd */,
			);
			name = Frameworks;
			sourceTree = "<group>";
		};
		0AF2612F1EA4B5B400AF41BA /* Class */ = {
			isa = PBXGroup;
			children = (
				0AF261271EA4B2BA00AF41BA /* Table.swift */,
				0AF261291EA4B38200AF41BA /* Area.swift */,
				0AF2612B1EA4B3D000AF41BA /* Food.swift */,
				0AF2612D1EA4B45800AF41BA /* Bill.swift */,
			);
			name = Class;
			sourceTree = "<group>";
		};
		23EDCFFB1EA47F6A005D23F0 /* Nguyen Dinh Son */ = {
			isa = PBXGroup;
			children = (
				23EDCFFC1EA47F8F005D23F0 /* Area_TableViewCell.swift */,
				23EDCFFD1EA47F8F005D23F0 /* Area_TableViewController.swift */,
				23EDCFFE1EA47F8F005D23F0 /* FoodsList_ViewController.swift */,
				23EDD0021EA48EA7005D23F0 /* FoodCell_TableViewCell.swift */,
				23EDD0041EA4942B005D23F0 /* FoodDetail_ViewController.swift */,
				23F0AF231EA4A19D006C64F6 /* AreaDetail_ViewController.swift */,
				23CC7AB51EA5FFAE0023A7F2 /* Area_Add_Edit_ViewController.swift */,
				23752F9A1EA63D28007AB0AD /* Manager_ViewController.swift */,
			);
			name = "Nguyen Dinh Son";
			sourceTree = "<group>";
		};
/* End PBXGroup section */

/* Begin PBXNativeTarget section */
		0A7B086D1EA11F7D002B068E /* Restaurant Management */ = {
			isa = PBXNativeTarget;
			buildConfigurationList = 0A7B08801EA11F7D002B068E /* Build configuration list for PBXNativeTarget "Restaurant Management" */;
			buildPhases = (
				0A7B086A1EA11F7D002B068E /* Sources */,
				0A7B086B1EA11F7D002B068E /* Frameworks */,
				0A7B086C1EA11F7D002B068E /* Resources */,
			);
			buildRules = (
			);
			dependencies = (
			);
			name = "Restaurant Management";
			productName = "Restaurant Management";
			productReference = 0A7B086E1EA11F7D002B068E /* Restaurant Management.app */;
			productType = "com.apple.product-type.application";
		};
/* End PBXNativeTarget section */

/* Begin PBXProject section */
		0A7B08661EA11F7D002B068E /* Project object */ = {
			isa = PBXProject;
			attributes = {
				LastSwiftUpdateCheck = 0820;
				LastUpgradeCheck = 0820;
				ORGANIZATIONNAME = "Tran Van Dong";
				TargetAttributes = {
					0A7B086D1EA11F7D002B068E = {
						CreatedOnToolsVersion = 8.2.1;
						ProvisioningStyle = Automatic;
					};
				};
			};
			buildConfigurationList = 0A7B08691EA11F7D002B068E /* Build configuration list for PBXProject "Restaurant Management" */;
			compatibilityVersion = "Xcode 3.2";
			developmentRegion = English;
			hasScannedForEncodings = 0;
			knownRegions = (
				en,
				Base,
			);
			mainGroup = 0A7B08651EA11F7D002B068E;
			productRefGroup = 0A7B086F1EA11F7D002B068E /* Products */;
			projectDirPath = "";
			projectRoot = "";
			targets = (
				0A7B086D1EA11F7D002B068E /* Restaurant Management */,
			);
		};
/* End PBXProject section */

/* Begin PBXResourcesBuildPhase section */
		0A7B086C1EA11F7D002B068E /* Resources */ = {
			isa = PBXResourcesBuildPhase;
			buildActionMask = 2147483647;
			files = (
				0A7B087C1EA11F7D002B068E /* LaunchScreen.storyboard in Resources */,
				0A7B08791EA11F7D002B068E /* Assets.xcassets in Resources */,
				0AF261211EA4A64F00AF41BA /* QuanLyNhaHang.sqlite in Resources */,
				23A45F361EA872D5009CCD1A /* Main.storyboard in Resources */,
			);
			runOnlyForDeploymentPostprocessing = 0;
		};
/* End PBXResourcesBuildPhase section */

/* Begin PBXSourcesBuildPhase section */
		0A7B086A1EA11F7D002B068E /* Sources */ = {
			isa = PBXSourcesBuildPhase;
			buildActionMask = 2147483647;
			files = (
				23F0AF241EA4A19D006C64F6 /* AreaDetail_ViewController.swift in Sources */,
				23752F9B1EA63D28007AB0AD /* Manager_ViewController.swift in Sources */,
				23EDD0001EA47F8F005D23F0 /* Area_TableViewController.swift in Sources */,
				0A4F84701EA72E8F004AEFCA /* UIExtension.swift in Sources */,
				0AF2612E1EA4B45800AF41BA /* Bill.swift in Sources */,
				0AF261191EA49B3F00AF41BA /* SQLite.swift in Sources */,
				0A7B08861EA13C5C002B068E /* food_TableViewCell.swift in Sources */,
				0A4F84761EA73DF0004AEFCA /* SimpleTypeExtension.swift in Sources */,
				23EDD0011EA47F8F005D23F0 /* FoodsList_ViewController.swift in Sources */,
				23EDCFFF1EA47F8F005D23F0 /* Area_TableViewCell.swift in Sources */,
				0A6B2ABB1EA3890B00876B02 /* Tables_ViewController.swift in Sources */,
				0A6B2ABD1EA3963600876B02 /* food_Detail_ViewController.swift in Sources */,
				0AF261281EA4B2BA00AF41BA /* Table.swift in Sources */,
				0A4F84741EA73C07004AEFCA /* NotificationExtension.swift in Sources */,
				0A7B08841EA12CC9002B068E /* TableInfo_ViewController.swift in Sources */,
				0AF2612A1EA4B38200AF41BA /* Area.swift in Sources */,
				23EDD0031EA48EA7005D23F0 /* FoodCell_TableViewCell.swift in Sources */,
				0A6B2AB91EA388FA00876B02 /* Table_TableViewCell.swift in Sources */,
				0AF2612C1EA4B3D000AF41BA /* Food.swift in Sources */,
				0A7B08721EA11F7D002B068E /* AppDelegate.swift in Sources */,
				23EDD0051EA4942B005D23F0 /* FoodDetail_ViewController.swift in Sources */,
				23CC7AB61EA5FFAE0023A7F2 /* Area_Add_Edit_ViewController.swift in Sources */,
			);
			runOnlyForDeploymentPostprocessing = 0;
		};
/* End PBXSourcesBuildPhase section */

/* Begin PBXVariantGroup section */
		0A7B087A1EA11F7D002B068E /* LaunchScreen.storyboard */ = {
			isa = PBXVariantGroup;
			children = (
				0A7B087B1EA11F7D002B068E /* Base */,
			);
			name = LaunchScreen.storyboard;
			sourceTree = "<group>";
		};
/* End PBXVariantGroup section */

/* Begin XCBuildConfiguration section */
		0A7B087E1EA11F7D002B068E /* Debug */ = {
			isa = XCBuildConfiguration;
			buildSettings = {
				ALWAYS_SEARCH_USER_PATHS = NO;
				CLANG_ANALYZER_NONNULL = YES;
				CLANG_CXX_LANGUAGE_STANDARD = "gnu++0x";
				CLANG_CXX_LIBRARY = "libc++";
				CLANG_ENABLE_MODULES = YES;
				CLANG_ENABLE_OBJC_ARC = YES;
				CLANG_WARN_BOOL_CONVERSION = YES;
				CLANG_WARN_CONSTANT_CONVERSION = YES;
				CLANG_WARN_DIRECT_OBJC_ISA_USAGE = YES_ERROR;
				CLANG_WARN_DOCUMENTATION_COMMENTS = YES;
				CLANG_WARN_EMPTY_BODY = YES;
				CLANG_WARN_ENUM_CONVERSION = YES;
				CLANG_WARN_INFINITE_RECURSION = YES;
				CLANG_WARN_INT_CONVERSION = YES;
				CLANG_WARN_OBJC_ROOT_CLASS = YES_ERROR;
				CLANG_WARN_SUSPICIOUS_MOVE = YES;
				CLANG_WARN_UNREACHABLE_CODE = YES;
				CLANG_WARN__DUPLICATE_METHOD_MATCH = YES;
				"CODE_SIGN_IDENTITY[sdk=iphoneos*]" = "iPhone Developer";
				COPY_PHASE_STRIP = NO;
				DEBUG_INFORMATION_FORMAT = dwarf;
				ENABLE_STRICT_OBJC_MSGSEND = YES;
				ENABLE_TESTABILITY = YES;
				GCC_C_LANGUAGE_STANDARD = gnu99;
				GCC_DYNAMIC_NO_PIC = NO;
				GCC_NO_COMMON_BLOCKS = YES;
				GCC_OPTIMIZATION_LEVEL = 0;
				GCC_PREPROCESSOR_DEFINITIONS = (
					"DEBUG=1",
					"$(inherited)",
				);
				GCC_WARN_64_TO_32_BIT_CONVERSION = YES;
				GCC_WARN_ABOUT_RETURN_TYPE = YES_ERROR;
				GCC_WARN_UNDECLARED_SELECTOR = YES;
				GCC_WARN_UNINITIALIZED_AUTOS = YES_AGGRESSIVE;
				GCC_WARN_UNUSED_FUNCTION = YES;
				GCC_WARN_UNUSED_VARIABLE = YES;
				IPHONEOS_DEPLOYMENT_TARGET = 10.2;
				MTL_ENABLE_DEBUG_INFO = YES;
				ONLY_ACTIVE_ARCH = YES;
				SDKROOT = iphoneos;
				SWIFT_ACTIVE_COMPILATION_CONDITIONS = DEBUG;
				SWIFT_OPTIMIZATION_LEVEL = "-Onone";
				TARGETED_DEVICE_FAMILY = "1,2";
			};
			name = Debug;
		};
		0A7B087F1EA11F7D002B068E /* Release */ = {
			isa = XCBuildConfiguration;
			buildSettings = {
				ALWAYS_SEARCH_USER_PATHS = NO;
				CLANG_ANALYZER_NONNULL = YES;
				CLANG_CXX_LANGUAGE_STANDARD = "gnu++0x";
				CLANG_CXX_LIBRARY = "libc++";
				CLANG_ENABLE_MODULES = YES;
				CLANG_ENABLE_OBJC_ARC = YES;
				CLANG_WARN_BOOL_CONVERSION = YES;
				CLANG_WARN_CONSTANT_CONVERSION = YES;
				CLANG_WARN_DIRECT_OBJC_ISA_USAGE = YES_ERROR;
				CLANG_WARN_DOCUMENTATION_COMMENTS = YES;
				CLANG_WARN_EMPTY_BODY = YES;
				CLANG_WARN_ENUM_CONVERSION = YES;
				CLANG_WARN_INFINITE_RECURSION = YES;
				CLANG_WARN_INT_CONVERSION = YES;
				CLANG_WARN_OBJC_ROOT_CLASS = YES_ERROR;
				CLANG_WARN_SUSPICIOUS_MOVE = YES;
				CLANG_WARN_UNREACHABLE_CODE = YES;
				CLANG_WARN__DUPLICATE_METHOD_MATCH = YES;
				"CODE_SIGN_IDENTITY[sdk=iphoneos*]" = "iPhone Developer";
				COPY_PHASE_STRIP = NO;
				DEBUG_INFORMATION_FORMAT = "dwarf-with-dsym";
				ENABLE_NS_ASSERTIONS = NO;
				ENABLE_STRICT_OBJC_MSGSEND = YES;
				GCC_C_LANGUAGE_STANDARD = gnu99;
				GCC_NO_COMMON_BLOCKS = YES;
				GCC_WARN_64_TO_32_BIT_CONVERSION = YES;
				GCC_WARN_ABOUT_RETURN_TYPE = YES_ERROR;
				GCC_WARN_UNDECLARED_SELECTOR = YES;
				GCC_WARN_UNINITIALIZED_AUTOS = YES_AGGRESSIVE;
				GCC_WARN_UNUSED_FUNCTION = YES;
				GCC_WARN_UNUSED_VARIABLE = YES;
				IPHONEOS_DEPLOYMENT_TARGET = 10.2;
				MTL_ENABLE_DEBUG_INFO = NO;
				SDKROOT = iphoneos;
				SWIFT_OPTIMIZATION_LEVEL = "-Owholemodule";
				TARGETED_DEVICE_FAMILY = "1,2";
				VALIDATE_PRODUCT = YES;
			};
			name = Release;
		};
		0A7B08811EA11F7D002B068E /* Debug */ = {
			isa = XCBuildConfiguration;
			buildSettings = {
				ASSETCATALOG_COMPILER_APPICON_NAME = AppIcon;
				INFOPLIST_FILE = "Restaurant Management/Info.plist";
				LD_RUNPATH_SEARCH_PATHS = "$(inherited) @executable_path/Frameworks";
				PRODUCT_BUNDLE_IDENTIFIER = "M1412132.Restaurant-Management";
				PRODUCT_NAME = "$(TARGET_NAME)";
				SWIFT_OBJC_BRIDGING_HEADER = "Restaurant Management/SQLite_Briding_header.h";
				SWIFT_VERSION = 3.0;
			};
			name = Debug;
		};
		0A7B08821EA11F7D002B068E /* Release */ = {
			isa = XCBuildConfiguration;
			buildSettings = {
				ASSETCATALOG_COMPILER_APPICON_NAME = AppIcon;
				INFOPLIST_FILE = "Restaurant Management/Info.plist";
				LD_RUNPATH_SEARCH_PATHS = "$(inherited) @executable_path/Frameworks";
				PRODUCT_BUNDLE_IDENTIFIER = "M1412132.Restaurant-Management";
				PRODUCT_NAME = "$(TARGET_NAME)";
				SWIFT_OBJC_BRIDGING_HEADER = "Restaurant Management/SQLite_Briding_header.h";
				SWIFT_VERSION = 3.0;
			};
			name = Release;
		};
/* End XCBuildConfiguration section */

/* Begin XCConfigurationList section */
		0A7B08691EA11F7D002B068E /* Build configuration list for PBXProject "Restaurant Management" */ = {
			isa = XCConfigurationList;
			buildConfigurations = (
				0A7B087E1EA11F7D002B068E /* Debug */,
				0A7B087F1EA11F7D002B068E /* Release */,
			);
			defaultConfigurationIsVisible = 0;
			defaultConfigurationName = Release;
		};
		0A7B08801EA11F7D002B068E /* Build configuration list for PBXNativeTarget "Restaurant Management" */ = {
			isa = XCConfigurationList;
			buildConfigurations = (
				0A7B08811EA11F7D002B068E /* Debug */,
				0A7B08821EA11F7D002B068E /* Release */,
			);
			defaultConfigurationIsVisible = 0;
			defaultConfigurationName = Release;
		};
/* End XCConfigurationList section */
	};
	rootObject = 0A7B08661EA11F7D002B068E /* Project object */;
}
